// !$*UTF8*$!
{
	archiveVersion = 1;
	classes = {
	};
	objectVersion = 46;
	objects = {

/* Begin PBXBuildFile section */
		04B12DAB155CAF1400B1E9D6 /* check_osx_smc.c in Sources */ = {isa = PBXBuildFile; fileRef = 04B12DAA155CAF1400B1E9D6 /* check_osx_smc.c */; };
		04B12DAD155CAF1400B1E9D6 /* check_osx_smc.1 in CopyFiles */ = {isa = PBXBuildFile; fileRef = 04B12DAC155CAF1400B1E9D6 /* check_osx_smc.1 */; };
		04B12DBB155CB23200B1E9D6 /* IOKit.framework in Frameworks */ = {isa = PBXBuildFile; fileRef = 04B12DBA155CB23200B1E9D6 /* IOKit.framework */; };
/* End PBXBuildFile section */

/* Begin PBXCopyFilesBuildPhase section */
		04B12DA4155CAF1400B1E9D6 /* CopyFiles */ = {
			isa = PBXCopyFilesBuildPhase;
			buildActionMask = 2147483647;
			dstPath = /usr/share/man/man1/;
			dstSubfolderSpec = 0;
			files = (
				04B12DAD155CAF1400B1E9D6 /* check_osx_smc.1 in CopyFiles */,
			);
			runOnlyForDeploymentPostprocessing = 1;
		};
/* End PBXCopyFilesBuildPhase section */

/* Begin PBXFileReference section */
		04B12DA6155CAF1400B1E9D6 /* check_osx_smc */ = {isa = PBXFileReference; explicitFileType = "compiled.mach-o.executable"; includeInIndex = 0; path = check_osx_smc; sourceTree = BUILT_PRODUCTS_DIR; };
		04B12DAA155CAF1400B1E9D6 /* check_osx_smc.c */ = {isa = PBXFileReference; lastKnownFileType = sourcecode.c.c; path = check_osx_smc.c; sourceTree = "<group>"; };
		04B12DAC155CAF1400B1E9D6 /* check_osx_smc.1 */ = {isa = PBXFileReference; lastKnownFileType = text.man; path = check_osx_smc.1; sourceTree = "<group>"; };
		04B12DB7155CAFDE00B1E9D6 /* check_osx_smc.h */ = {isa = PBXFileReference; fileEncoding = 4; lastKnownFileType = sourcecode.c.h; path = check_osx_smc.h; sourceTree = "<group>"; };
		04B12DBA155CB23200B1E9D6 /* IOKit.framework */ = {isa = PBXFileReference; lastKnownFileType = wrapper.framework; name = IOKit.framework; path = System/Library/Frameworks/IOKit.framework; sourceTree = SDKROOT; };
/* End PBXFileReference section */

/* Begin PBXFrameworksBuildPhase section */
		04B12DA3155CAF1400B1E9D6 /* Frameworks */ = {
			isa = PBXFrameworksBuildPhase;
			buildActionMask = 2147483647;
			files = (
				04B12DBB155CB23200B1E9D6 /* IOKit.framework in Frameworks */,
			);
			runOnlyForDeploymentPostprocessing = 0;
		};
/* End PBXFrameworksBuildPhase section */

/* Begin PBXGroup section */
		04B12D9B155CAF1400B1E9D6 = {
			isa = PBXGroup;
			children = (
				04B12DBA155CB23200B1E9D6 /* IOKit.framework */,
				04B12DA9155CAF1400B1E9D6 /* check_osx_smc */,
				04B12DA7155CAF1400B1E9D6 /* Products */,
			);
			sourceTree = "<group>";
		};
		04B12DA7155CAF1400B1E9D6 /* Products */ = {
			isa = PBXGroup;
			children = (
				04B12DA6155CAF1400B1E9D6 /* check_osx_smc */,
			);
			name = Products;
			sourceTree = "<group>";
		};
		04B12DA9155CAF1400B1E9D6 /* check_osx_smc */ = {
			isa = PBXGroup;
			children = (
				04B12DB7155CAFDE00B1E9D6 /* check_osx_smc.h */,
				04B12DAA155CAF1400B1E9D6 /* check_osx_smc.c */,
				04B12DAC155CAF1400B1E9D6 /* check_osx_smc.1 */,
			);
			path = check_osx_smc;
			sourceTree = "<group>";
		};
/* End PBXGroup section */

/* Begin PBXNativeTarget section */
		04B12DA5155CAF1400B1E9D6 /* check_osx_smc */ = {
			isa = PBXNativeTarget;
			buildConfigurationList = 04B12DB0155CAF1400B1E9D6 /* Build configuration list for PBXNativeTarget "check_osx_smc" */;
			buildPhases = (
				04B12DA2155CAF1400B1E9D6 /* Sources */,
				04B12DA3155CAF1400B1E9D6 /* Frameworks */,
				04B12DA4155CAF1400B1E9D6 /* CopyFiles */,
			);
			buildRules = (
			);
			dependencies = (
			);
			name = check_osx_smc;
			productName = check_osx_smc;
			productReference = 04B12DA6155CAF1400B1E9D6 /* check_osx_smc */;
			productType = "com.apple.product-type.tool";
		};
/* End PBXNativeTarget section */

/* Begin PBXProject section */
		04B12D9D155CAF1400B1E9D6 /* Project object */ = {
			isa = PBXProject;
			attributes = {
				LastUpgradeCheck = 0420;
				ORGANIZATIONNAME = "Streetwise Software Pty. Ltd.";
			};
			buildConfigurationList = 04B12DA0155CAF1400B1E9D6 /* Build configuration list for PBXProject "check_osx_smc" */;
			compatibilityVersion = "Xcode 3.2";
			developmentRegion = English;
			hasScannedForEncodings = 0;
			knownRegions = (
				en,
			);
			mainGroup = 04B12D9B155CAF1400B1E9D6;
			productRefGroup = 04B12DA7155CAF1400B1E9D6 /* Products */;
			projectDirPath = "";
			projectRoot = "";
			targets = (
				04B12DA5155CAF1400B1E9D6 /* check_osx_smc */,
			);
		};
/* End PBXProject section */

/* Begin PBXSourcesBuildPhase section */
		04B12DA2155CAF1400B1E9D6 /* Sources */ = {
			isa = PBXSourcesBuildPhase;
			buildActionMask = 2147483647;
			files = (
				04B12DAB155CAF1400B1E9D6 /* check_osx_smc.c in Sources */,
			);
			runOnlyForDeploymentPostprocessing = 0;
		};
/* End PBXSourcesBuildPhase section */

/* Begin XCBuildConfiguration section */
		04B12DAE155CAF1400B1E9D6 /* Debug */ = {
			isa = XCBuildConfiguration;
			buildSettings = {
				ALWAYS_SEARCH_USER_PATHS = NO;
				ARCHS = "$(ARCHS_STANDARD_64_BIT)";
				COPY_PHASE_STRIP = NO;
				GCC_C_LANGUAGE_STANDARD = gnu99;
				GCC_DYNAMIC_NO_PIC = NO;
				GCC_ENABLE_OBJC_EXCEPTIONS = YES;
				GCC_OPTIMIZATION_LEVEL = 0;
				GCC_PREPROCESSOR_DEFINITIONS = (
					"DEBUG=1",
					"$(inherited)",
				);
				GCC_SYMBOLS_PRIVATE_EXTERN = NO;
				GCC_VERSION = com.apple.compilers.llvm.clang.1_0;
				GCC_WARN_64_TO_32_BIT_CONVERSION = YES;
				GCC_WARN_ABOUT_MISSING_PROTOTYPES = YES;
				GCC_WARN_ABOUT_RETURN_TYPE = YES;
				GCC_WARN_UNUSED_VARIABLE = YES;
				MACOSX_DEPLOYMENT_TARGET = 10.7;
				ONLY_ACTIVE_ARCH = YES;
				SDKROOT = macosx;
			};
			name = Debug;
		};
		04B12DAF155CAF1400B1E9D6 /* Release */ = {
			isa = XCBuildConfiguration;
			buildSettings = {
				ALWAYS_SEARCH_USER_PATHS = NO;
				ARCHS = "$(ARCHS_STANDARD_64_BIT)";
				COPY_PHASE_STRIP = YES;
				DEBUG_INFORMATION_FORMAT = "dwarf-with-dsym";
				GCC_C_LANGUAGE_STANDARD = gnu99;
				GCC_ENABLE_OBJC_EXCEPTIONS = YES;
				GCC_VERSION = com.apple.compilers.llvm.clang.1_0;
				GCC_WARN_64_TO_32_BIT_CONVERSION = YES;
				GCC_WARN_ABOUT_MISSING_PROTOTYPES = YES;
				GCC_WARN_ABOUT_RETURN_TYPE = YES;
				GCC_WARN_UNUSED_VARIABLE = YES;
				MACOSX_DEPLOYMENT_TARGET = 10.7;
				SDKROOT = macosx;
			};
			name = Release;
		};
		04B12DB1155CAF1400B1E9D6 /* Debug */ = {
			isa = XCBuildConfiguration;
			buildSettings = {
				ARCHS = "$(ARCHS_STANDARD_64_BIT)";
				PRODUCT_NAME = "$(TARGET_NAME)";
			};
			name = Debug;
		};
		04B12DB2155CAF1400B1E9D6 /* Release */ = {
			isa = XCBuildConfiguration;
			buildSettings = {
				ARCHS = "$(ARCHS_STANDARD_64_BIT)";
				PRODUCT_NAME = "$(TARGET_NAME)";
			};
			name = Release;
		};
/* End XCBuildConfiguration section */

/* Begin XCConfigurationList section */
		04B12DA0155CAF1400B1E9D6 /* Build configuration list for PBXProject "check_osx_smc" */ = {
			isa = XCConfigurationList;
			buildConfigurations = (
				04B12DAE155CAF1400B1E9D6 /* Debug */,
				04B12DAF155CAF1400B1E9D6 /* Release */,
			);
			defaultConfigurationIsVisible = 0;
			defaultConfigurationName = Release;
		};
		04B12DB0155CAF1400B1E9D6 /* Build configuration list for PBXNativeTarget "check_osx_smc" */ = {
			isa = XCConfigurationList;
			buildConfigurations = (
				04B12DB1155CAF1400B1E9D6 /* Debug */,
				04B12DB2155CAF1400B1E9D6 /* Release */,
			);
			defaultConfigurationIsVisible = 0;
		};
/* End XCConfigurationList section */
	};
	rootObject = 04B12D9D155CAF1400B1E9D6 /* Project object */;
}
